
Microsoft Visual Studio Solution File, Format Version 12.00
# Visual Studio Version 17
VisualStudioVersion = 17.5.33502.453
MinimumVisualStudioVersion = 10.0.40219.1
Project("{FAE04EC0-301F-11D3-BF4B-00C04F79EFBC}") = "concesionario", "WindowsFormsApp1\concesionario.csproj", "{80EA3FDD-55C8-4D4B-A58B-042EF633256D}"
EndProject
Global
	GlobalSection(SolutionConfigurationPlatforms) = preSolution
		Debug|Any CPU = Debug|Any CPU
		Release|Any CPU = Release|Any CPU
	EndGlobalSection
	GlobalSection(ProjectConfigurationPlatforms) = postSolution
		{80EA3FDD-55C8-4D4B-A58B-042EF633256D}.Debug|Any CPU.ActiveCfg = Debug|Any CPU
		{80EA3FDD-55C8-4D4B-A58B-042EF633256D}.Debug|Any CPU.Build.0 = Debug|Any CPU
		{80EA3FDD-55C8-4D4B-A58B-042EF633256D}.Release|Any CPU.ActiveCfg = Release|Any CPU
		{80EA3FDD-55C8-4D4B-A58B-042EF633256D}.Release|Any CPU.Build.0 = Release|Any CPU
	EndGlobalSection
	GlobalSection(SolutionProperties) = preSolution
		HideSolutionNode = FALSE
	EndGlobalSection
	GlobalSection(ExtensibilityGlobals) = postSolution
		SolutionGuid = {CB2352F8-CCFB-4A6D-A942-3220AB1E2A90}
	EndGlobalSection
EndGlobal
